<?xml version="1.0" encoding="utf-8"?>
<Project ToolsVersion="4.0" xmlns="http://schemas.microsoft.com/developer/msbuild/2003">
  <ItemGroup>
    <Filter Include="win32">
      <UniqueIdentifier>{84a8ebd7-7cf0-47f6-b75e-d441df67da40}</UniqueIdentifier>
    </Filter>
    <Filter Include="resource">
      <UniqueIdentifier>{715254bc-d70b-4ec5-bf29-467dd3ace079}</UniqueIdentifier>
    </Filter>
    <Filter Include="src">
      <UniqueIdentifier>{bb6c862e-70e9-49d9-81b7-3829a6f50471}</UniqueIdentifier>
    </Filter>
  </ItemGroup>
  <ItemGroup>
    <ClCompile Include="main.cpp">
      <Filter>win32</Filter>
    </ClCompile>
    <ClCompile Include="..\Classes\AppDelegate.cpp">
      <Filter>src</Filter>
    </ClCompile>
    <ClCompile Include="..\Classes\Background.cpp">
      <Filter>src</Filter>
    </ClCompile>
    <ClCompile Include="..\Classes\Block.cpp">
      <Filter>src</Filter>
    </ClCompile>
    <ClCompile Include="..\Classes\CameraHelper.cpp">
      <Filter>src</Filter>
    </ClCompile>
    <ClCompile Include="..\Classes\CastIceBladeStrike.cpp">
      <Filter>src</Filter>
    </ClCompile>
    <ClCompile Include="..\Classes\CastLavaTotem.cpp">
      <Filter>src</Filter>
    </ClCompile>
    <ClCompile Include="..\Classes\CastLightningStrike.cpp">
      <Filter>src</Filter>
    </ClCompile>
    <ClCompile Include="..\Classes\CastMeteorRain.cpp">
      <Filter>src</Filter>
    </ClCompile>
    <ClCompile Include="..\Classes\CastThunderBody.cpp">
      <Filter>src</Filter>
    </ClCompile>
    <ClCompile Include="..\Classes\Character.cpp">
      <Filter>src</Filter>
    </ClCompile>
    <ClCompile Include="..\Classes\CharacterSelectionScene.cpp">
      <Filter>src</Filter>
    </ClCompile>
    <ClCompile Include="..\Classes\Charge.cpp">
      <Filter>src</Filter>
    </ClCompile>
    <ClCompile Include="..\Classes\ClawAttack.cpp">
      <Filter>src</Filter>
    </ClCompile>
    <ClCompile Include="..\Classes\DarkPortal.cpp">
      <Filter>src</Filter>
    </ClCompile>
    <ClCompile Include="..\Classes\DeathZone.cpp">
      <Filter>src</Filter>
    </ClCompile>
    <ClCompile Include="..\Classes\DragonNova.cpp">
      <Filter>src</Filter>
    </ClCompile>
    <ClCompile Include="..\Classes\Dummy.cpp">
      <Filter>src</Filter>
    </ClCompile>
    <ClCompile Include="..\Classes\Effect.cpp">
      <Filter>src</Filter>
    </ClCompile>
    <ClCompile Include="..\Classes\ElectOrb.cpp">
      <Filter>src</Filter>
    </ClCompile>
    <ClCompile Include="..\Classes\Enemy.cpp">
      <Filter>src</Filter>
    </ClCompile>
    <ClCompile Include="..\Classes\EnemyApeDino.cpp">
      <Filter>src</Filter>
    </ClCompile>
    <ClCompile Include="..\Classes\EnemyFeeder.cpp">
      <Filter>src</Filter>
    </ClCompile>
    <ClCompile Include="..\Classes\EnemyRamus.cpp">
      <Filter>src</Filter>
    </ClCompile>
    <ClCompile Include="..\Classes\EnemyWerewolf.cpp">
      <Filter>src</Filter>
    </ClCompile>
    <ClCompile Include="..\Classes\EnergyBar.cpp">
      <Filter>src</Filter>
    </ClCompile>
    <ClCompile Include="..\Classes\EnergyOrb.cpp">
      <Filter>src</Filter>
    </ClCompile>
    <ClCompile Include="..\Classes\Fire.cpp">
      <Filter>src</Filter>
    </ClCompile>
    <ClCompile Include="..\Classes\FireBall.cpp">
      <Filter>src</Filter>
    </ClCompile>
    <ClCompile Include="..\Classes\GameObject.cpp">
      <Filter>src</Filter>
    </ClCompile>
    <ClCompile Include="..\Classes\Gold.cpp">
      <Filter>src</Filter>
    </ClCompile>
    <ClCompile Include="..\Classes\Ground.cpp">
      <Filter>src</Filter>
    </ClCompile>
    <ClCompile Include="..\Classes\GroundSprite.cpp">
      <Filter>src</Filter>
    </ClCompile>
    <ClCompile Include="..\Classes\HiddenBlock.cpp">
      <Filter>src</Filter>
    </ClCompile>
    <ClCompile Include="..\Classes\HornAttack.cpp">
      <Filter>src</Filter>
    </ClCompile>
    <ClCompile Include="..\Classes\HUDLayer.cpp">
      <Filter>src</Filter>
    </ClCompile>
    <ClCompile Include="..\Classes\IceBlade.cpp">
      <Filter>src</Filter>
    </ClCompile>
    <ClCompile Include="..\Classes\IceBladeStrike.cpp">
      <Filter>src</Filter>
    </ClCompile>
    <ClCompile Include="..\Classes\IceDragon.cpp">
      <Filter>src</Filter>
    </ClCompile>
    <ClCompile Include="..\Classes\IceShard.cpp">
      <Filter>src</Filter>
    </ClCompile>
    <ClCompile Include="..\Classes\IceWall.cpp">
      <Filter>src</Filter>
    </ClCompile>
    <ClCompile Include="..\Classes\IconSkill.cpp">
      <Filter>src</Filter>
    </ClCompile>
    <ClCompile Include="..\Classes\IntroScene.cpp">
      <Filter>src</Filter>
    </ClCompile>
    <ClCompile Include="..\Classes\Item.cpp">
      <Filter>src</Filter>
    </ClCompile>
    <ClCompile Include="..\Classes\JawAttack.cpp">
      <Filter>src</Filter>
    </ClCompile>
    <ClCompile Include="..\Classes\LavaTotem.cpp">
      <Filter>src</Filter>
    </ClCompile>
    <ClCompile Include="..\Classes\LightningStrike.cpp">
      <Filter>src</Filter>
    </ClCompile>
    <ClCompile Include="..\Classes\Meat.cpp">
      <Filter>src</Filter>
    </ClCompile>
    <ClCompile Include="..\Classes\MenuScene1.cpp">
      <Filter>src</Filter>
    </ClCompile>
    <ClCompile Include="..\Classes\MovingBlock.cpp">
      <Filter>src</Filter>
    </ClCompile>
    <ClCompile Include="..\Classes\MyPoolManager.cpp">
      <Filter>src</Filter>
    </ClCompile>
    <ClCompile Include="..\Classes\NextStageZone.cpp">
      <Filter>src</Filter>
    </ClCompile>
    <ClCompile Include="..\Classes\Player.cpp">
      <Filter>src</Filter>
    </ClCompile>
    <ClCompile Include="..\Classes\PlayScene.cpp">
      <Filter>src</Filter>
    </ClCompile>
    <ClCompile Include="..\Classes\Projectile.cpp">
      <Filter>src</Filter>
    </ClCompile>
    <ClCompile Include="..\Classes\PushableBlock.cpp">
      <Filter>src</Filter>
    </ClCompile>
    <ClCompile Include="..\Classes\RedDino.cpp">
      <Filter>src</Filter>
    </ClCompile>
    <ClCompile Include="..\Classes\ResourceManager.cpp">
      <Filter>src</Filter>
    </ClCompile>
    <ClCompile Include="..\Classes\RollAttack.cpp">
      <Filter>src</Filter>
    </ClCompile>
    <ClCompile Include="..\Classes\SelfExplode.cpp">
      <Filter>src</Filter>
    </ClCompile>
    <ClCompile Include="..\Classes\Spike.cpp">
      <Filter>src</Filter>
    </ClCompile>
    <ClCompile Include="..\Classes\Teleporter.cpp">
      <Filter>src</Filter>
    </ClCompile>
    <ClCompile Include="..\Classes\TextEffect.cpp">
      <Filter>src</Filter>
    </ClCompile>
    <ClCompile Include="..\Classes\ThunderBody.cpp">
      <Filter>src</Filter>
    </ClCompile>
    <ClCompile Include="..\Classes\TriggerBlockZone.cpp">
      <Filter>src</Filter>
    </ClCompile>
    <ClCompile Include="..\Classes\WhiteDino.cpp">
      <Filter>src</Filter>
    </ClCompile>
    <ClCompile Include="..\Classes\WorldScene.cpp">
      <Filter>src</Filter>
    </ClCompile>
    <ClCompile Include="..\Classes\YClawAttack.cpp">
      <Filter>src</Filter>
    </ClCompile>
    <ClCompile Include="..\Classes\YellowDino.cpp">
      <Filter>src</Filter>
    </ClCompile>
    <ClCompile Include="..\Classes\ZeusWrath.cpp">
      <Filter>src</Filter>
    </ClCompile>
    <ClCompile Include="..\Classes\Zone.cpp">
      <Filter>src</Filter>
    </ClCompile>
  </ItemGroup>
  <ItemGroup>
    <ClInclude Include="main.h">
      <Filter>win32</Filter>
    </ClInclude>
    <ClInclude Include="..\Classes\AppDelegate.h">
      <Filter>src</Filter>
    </ClInclude>
    <ClInclude Include="..\Classes\Background.h">
      <Filter>src</Filter>
    </ClInclude>
    <ClInclude Include="..\Classes\Block.h">
      <Filter>src</Filter>
    </ClInclude>
    <ClInclude Include="..\Classes\CameraHelper.h">
      <Filter>src</Filter>
    </ClInclude>
    <ClInclude Include="..\Classes\CastIceBladeStrike.h">
      <Filter>src</Filter>
    </ClInclude>
    <ClInclude Include="..\Classes\CastLavaTotem.h">
      <Filter>src</Filter>
    </ClInclude>
    <ClInclude Include="..\Classes\CastLightningStrike.h">
      <Filter>src</Filter>
    </ClInclude>
    <ClInclude Include="..\Classes\CastMeteorRain.h">
      <Filter>src</Filter>
    </ClInclude>
    <ClInclude Include="..\Classes\CastThunderBody.h">
      <Filter>src</Filter>
    </ClInclude>
    <ClInclude Include="..\Classes\Character.h">
      <Filter>src</Filter>
    </ClInclude>
    <ClInclude Include="..\Classes\CharacterSelectionScene.h">
      <Filter>src</Filter>
    </ClInclude>
    <ClInclude Include="..\Classes\Charge.h">
      <Filter>src</Filter>
    </ClInclude>
    <ClInclude Include="..\Classes\ClawAttack.h">
      <Filter>src</Filter>
    </ClInclude>
    <ClInclude Include="..\Classes\DarkPortal.h">
      <Filter>src</Filter>
    </ClInclude>
    <ClInclude Include="..\Classes\DeathZone.h">
      <Filter>src</Filter>
    </ClInclude>
    <ClInclude Include="..\Classes\DragonNova.h">
      <Filter>src</Filter>
    </ClInclude>
    <ClInclude Include="..\Classes\Dummy.h">
      <Filter>src</Filter>
    </ClInclude>
    <ClInclude Include="..\Classes\Effect.h">
      <Filter>src</Filter>
    </ClInclude>
    <ClInclude Include="..\Classes\ElectOrb.h">
      <Filter>src</Filter>
    </ClInclude>
    <ClInclude Include="..\Classes\Enemy.h">
      <Filter>src</Filter>
    </ClInclude>
    <ClInclude Include="..\Classes\EnemyApeDino.h">
      <Filter>src</Filter>
    </ClInclude>
    <ClInclude Include="..\Classes\EnemyFeeder.h">
      <Filter>src</Filter>
    </ClInclude>
    <ClInclude Include="..\Classes\EnemyRamus.h">
      <Filter>src</Filter>
    </ClInclude>
    <ClInclude Include="..\Classes\EnemyWerewolf.h">
      <Filter>src</Filter>
    </ClInclude>
    <ClInclude Include="..\Classes\EnergyBar.h">
      <Filter>src</Filter>
    </ClInclude>
    <ClInclude Include="..\Classes\EnergyOrb.h">
      <Filter>src</Filter>
    </ClInclude>
    <ClInclude Include="..\Classes\Fire.h">
      <Filter>src</Filter>
    </ClInclude>
    <ClInclude Include="..\Classes\FireBall.h">
      <Filter>src</Filter>
    </ClInclude>
    <ClInclude Include="..\Classes\GameObject.h">
      <Filter>src</Filter>
    </ClInclude>
    <ClInclude Include="..\Classes\Gold.h">
      <Filter>src</Filter>
    </ClInclude>
    <ClInclude Include="..\Classes\Ground.h">
      <Filter>src</Filter>
    </ClInclude>
    <ClInclude Include="..\Classes\GroundSprite.h">
      <Filter>src</Filter>
    </ClInclude>
    <ClInclude Include="..\Classes\HiddenBlock.h">
      <Filter>src</Filter>
    </ClInclude>
    <ClInclude Include="..\Classes\HornAttack.h">
      <Filter>src</Filter>
    </ClInclude>
    <ClInclude Include="..\Classes\HUDLayer.h">
      <Filter>src</Filter>
    </ClInclude>
    <ClInclude Include="..\Classes\IceBlade.h">
      <Filter>src</Filter>
    </ClInclude>
    <ClInclude Include="..\Classes\IceBladeStrike.h">
      <Filter>src</Filter>
    </ClInclude>
    <ClInclude Include="..\Classes\IceDragon.h">
      <Filter>src</Filter>
    </ClInclude>
    <ClInclude Include="..\Classes\IceShard.h">
      <Filter>src</Filter>
    </ClInclude>
    <ClInclude Include="..\Classes\IceWall.h">
      <Filter>src</Filter>
    </ClInclude>
    <ClInclude Include="..\Classes\IconSkill.h">
      <Filter>src</Filter>
    </ClInclude>
    <ClInclude Include="..\Classes\IntroScene.h">
      <Filter>src</Filter>
    </ClInclude>
    <ClInclude Include="..\Classes\Item.h">
      <Filter>src</Filter>
    </ClInclude>
    <ClInclude Include="..\Classes\JawAttack.h">
      <Filter>src</Filter>
    </ClInclude>
    <ClInclude Include="..\Classes\LavaTotem.h">
      <Filter>src</Filter>
    </ClInclude>
    <ClInclude Include="..\Classes\LightningStrike.h">
      <Filter>src</Filter>
    </ClInclude>
    <ClInclude Include="..\Classes\Meat.h">
      <Filter>src</Filter>
    </ClInclude>
    <ClInclude Include="..\Classes\MenuScene1.h">
      <Filter>src</Filter>
    </ClInclude>
    <ClInclude Include="..\Classes\MovingBlock.h">
      <Filter>src</Filter>
    </ClInclude>
    <ClInclude Include="..\Classes\MyPoolManager.h">
      <Filter>src</Filter>
    </ClInclude>
    <ClInclude Include="..\Classes\NextStageZone.h">
      <Filter>src</Filter>
    </ClInclude>
    <ClInclude Include="..\Classes\Player.h">
      <Filter>src</Filter>
    </ClInclude>
    <ClInclude Include="..\Classes\PlayScene.h">
      <Filter>src</Filter>
    </ClInclude>
    <ClInclude Include="..\Classes\Projectile.h">
      <Filter>src</Filter>
    </ClInclude>
    <ClInclude Include="..\Classes\PushableBlock.h">
      <Filter>src</Filter>
    </ClInclude>
    <ClInclude Include="..\Classes\RedDino.h">
      <Filter>src</Filter>
    </ClInclude>
    <ClInclude Include="..\Classes\ResourceManager.h">
      <Filter>src</Filter>
    </ClInclude>
    <ClInclude Include="..\Classes\RollAttack.h">
      <Filter>src</Filter>
    </ClInclude>
    <ClInclude Include="..\Classes\SelfExplode.h">
      <Filter>src</Filter>
    </ClInclude>
    <ClInclude Include="..\Classes\Spike.h">
      <Filter>src</Filter>
    </ClInclude>
    <ClInclude Include="..\Classes\Teleporter.h">
      <Filter>src</Filter>
    </ClInclude>
    <ClInclude Include="..\Classes\TextEffect.h">
      <Filter>src</Filter>
    </ClInclude>
    <ClInclude Include="..\Classes\ThunderBody.h">
      <Filter>src</Filter>
    </ClInclude>
    <ClInclude Include="..\Classes\TriggerBlockZone.h">
      <Filter>src</Filter>
    </ClInclude>
    <ClInclude Include="..\Classes\WhiteDino.h">
      <Filter>src</Filter>
    </ClInclude>
    <ClInclude Include="..\Classes\WorldScene.h">
      <Filter>src</Filter>
    </ClInclude>
    <ClInclude Include="..\Classes\YClawAttack.h">
      <Filter>src</Filter>
    </ClInclude>
    <ClInclude Include="..\Classes\YellowDino.h">
      <Filter>src</Filter>
    </ClInclude>
    <ClInclude Include="..\Classes\ZeusWrath.h">
      <Filter>src</Filter>
    </ClInclude>
    <ClInclude Include="..\Classes\Zone.h">
      <Filter>src</Filter>
    </ClInclude>
  </ItemGroup>
  <ItemGroup>
    <ResourceCompile Include="game.rc">
      <Filter>resource</Filter>
    </ResourceCompile>
  </ItemGroup>
</Project>